version = 1
revision = 3
requires-python = ">=3.13"

[[package]]
name = "cities-and-schemes"
version = "0.1.0"
source = { virtual = "." }
dependencies = [
    { name = "mammoth" },
    { name = "openpyxl" },
]

[package.metadata]
requires-dist = [
    { name = "mammoth", specifier = ">=1.12.0" },
    { name = "openpyxl", specifier = ">=3.1.5" },
]

[[package]]
name = "cobble"
version = "0.1.4"
source = { registry = "https://pypi.org/simple" }
sdist = { url = "https://files.pythonhosted.org/packages/54/7a/a507c709be2c96e1bb6102eb7b7f4026c5e5e223ef7d745a17d239e9d844/cobble-0.1.4.tar.gz", hash = "sha256:de38be1539992c8a06e569630717c485a5f91be2192c461ea2b220607dfa78aa", size = 3805, upload-time = "2024-06-01T18:11:09.528Z" }
wheels = [
    { url = "https://files.pythonhosted.org/packages/d5/e1/3714a2f371985215c219c2a70953d38e3eed81ef165aed061d21de0e998b/cobble-0.1.4-py3-none-any.whl", hash = "sha256:36c91b1655e599fd428e2b95fdd5f0da1ca2e9f1abb0bc871dec21a0e78a2b44", size = 3984, upload-time = "2024-06-01T18:11:07.911Z" },
]

[[package]]
name = "et-xmlfile"
version = "2.0.0"
source = { registry = "https://pypi.org/simple" }
sdist = { url = "https://files.pythonhosted.org/packages/d3/38/af70d7ab1ae9d4da450eeec1fa3918940a5fafb9055e934af8d6eb0c2313/et_xmlfile-2.0.0.tar.gz", hash = "sha256:dab3f4764309081ce75662649be815c4c9081e88f0837825f90fd28317d4da54", size = 17234, upload-time = "2024-10-25T17:25:40.039Z" }
wheels = [
    { url = "https://files.pythonhosted.org/packages/c1/8b/5fe2cc11fee489817272089c4203e679c63b570a5aaeb18d852ae3cbba6a/et_xmlfile-2.0.0-py3-none-any.whl", hash = "sha256:7a91720bc756843502c3b7504c77b8fe44217c85c537d85037f0f536151b2caa", size = 18059, upload-time = "2024-10-25T17:25:39.051Z" },
]

[[package]]
name = "mammoth"
version = "1.12.0"
source = { registry = "https://pypi.org/simple" }
dependencies = [
    { name = "cobble" },
]
sdist = { url = "https://files.pythonhosted.org/packages/af/0c/b8d04b142c28f705ac434aedfb492f62e3fa9082421b6aa0ec7be9202dc7/mammoth-1.12.0.tar.gz", hash = "sha256:10955a55d9173167b550de3aeb8f2ed48b420756fd66378156b2f78661a33dd5", size = 53388, upload-time = "2026-03-12T21:42:37.289Z" }
wheels = [
    { url = "https://files.pythonhosted.org/packages/14/a4/0cce02ffb7c75211e7723250bf254c7a320a17368345859beba75637262a/mammoth-1.12.0-py2.py3-none-any.whl", hash = "sha256:d195ae2403b98276d7646e252035b6f70adb255987bb267e9eac6bc6531fe38f", size = 54919, upload-time = "2026-03-12T21:42:35.745Z" },
]

[[package]]
name = "openpyxl"
version = "3.1.5"
source = { registry = "https://pypi.org/simple" }
dependencies = [
    { name = "et-xmlfile" },
]
sdist = { url = "https://files.pythonhosted.org/packages/3d/f9/88d94a75de065ea32619465d2f77b29a0469500e99012523b91cc4141cd1/openpyxl-3.1.5.tar.gz", hash = "sha256:cf0e3cf56142039133628b5acffe8ef0c12bc902d2aadd3e0fe5878dc08d1050", size = 186464, upload-time = "2024-06-28T14:03:44.161Z" }
wheels = [
    { url = "https://files.pythonhosted.org/packages/c0/da/977ded879c29cbd04de313843e76868e6e13408a94ed6b987245dc7c8506/openpyxl-3.1.5-py2.py3-none-any.whl", hash = "sha256:5282c12b107bffeef825f4617dc029afaf41d0ea60823bbb665ef3079dc79de2", size = 250910, upload-time = "2024-06-28T14:03:41.161Z" },
]
